{
    "version": 3,
    "terraform_version": "0.11.8",
    "serial": 9,
    "lineage": "f5c10d52-bf66-61ac-c7ed-e398eef598e5",
    "modules": [
        {
            "path": [
                "root"
            ],
            "outputs": {},
            "resources": {
                "aws_default_route_table.private_subnet": {
                    "type": "aws_default_route_table",
                    "depends_on": [
                        "aws_instance.nat",
                        "aws_vpc.vpc"
                    ],
                    "primary": {
                        "id": "rtb-06c7a93decf058401",
                        "attributes": {
                            "default_route_table_id": "rtb-06c7a93decf058401",
                            "id": "rtb-06c7a93decf058401",
                            "propagating_vgws.#": "0",
                            "route.#": "1",
                            "route.1451120991.cidr_block": "0.0.0.0/0",
                            "route.1451120991.egress_only_gateway_id": "",
                            "route.1451120991.gateway_id": "",
                            "route.1451120991.instance_id": "i-0f3f09162c3966ff9",
                            "route.1451120991.ipv6_cidr_block": "",
                            "route.1451120991.nat_gateway_id": "",
                            "route.1451120991.network_interface_id": "eni-088645b1bbcf91508",
                            "route.1451120991.vpc_peering_connection_id": "",
                            "tags.%": "1",
                            "tags.Name": "private_route",
                            "vpc_id": "vpc-044baa0bbb98851fd"
                        },
                        "meta": {},
                        "tainted": false
                    },
                    "deposed": [],
                    "provider": "provider.aws"
                },
                "aws_instance.nat": {
                    "type": "aws_instance",
                    "depends_on": [
                        "aws_security_group.security_group",
                        "aws_subnet.public_subnet"
                    ],
                    "primary": {
                        "id": "i-0f3f09162c3966ff9",
                        "attributes": {
                            "ami": "ami-01623d7b",
                            "arn": "arn:aws:ec2:us-east-1:636373398710:instance/i-0f3f09162c3966ff9",
                            "associate_public_ip_address": "true",
                            "availability_zone": "us-east-1a",
                            "cpu_core_count": "1",
                            "cpu_threads_per_core": "1",
                            "credit_specification.#": "1",
                            "credit_specification.0.cpu_credits": "standard",
                            "disable_api_termination": "false",
                            "ebs_block_device.#": "0",
                            "ebs_optimized": "false",
                            "ephemeral_block_device.#": "0",
                            "get_password_data": "false",
                            "iam_instance_profile": "",
                            "id": "i-0f3f09162c3966ff9",
                            "instance_state": "running",
                            "instance_type": "t2.micro",
                            "ipv6_addresses.#": "0",
                            "key_name": "rootkey",
                            "monitoring": "false",
                            "network_interface.#": "0",
                            "network_interface_id": "eni-088645b1bbcf91508",
                            "password_data": "",
                            "placement_group": "",
                            "primary_network_interface_id": "eni-088645b1bbcf91508",
                            "private_dns": "ip-10-0-1-22.ec2.internal",
                            "private_ip": "10.0.1.22",
                            "public_dns": "",
                            "public_ip": "18.209.60.69",
                            "root_block_device.#": "1",
                            "root_block_device.0.delete_on_termination": "true",
                            "root_block_device.0.iops": "0",
                            "root_block_device.0.volume_id": "vol-0336cfe1cc6ab35ea",
                            "root_block_device.0.volume_size": "8",
                            "root_block_device.0.volume_type": "standard",
                            "security_groups.#": "0",
                            "source_dest_check": "false",
                            "subnet_id": "subnet-03ed048fcf518b008",
                            "tags.%": "1",
                            "tags.Name": "nat_box",
                            "tenancy": "default",
                            "volume_tags.%": "0",
                            "vpc_security_group_ids.#": "1",
                            "vpc_security_group_ids.3967437895": "sg-0bd6b46810d8b3f6e"
                        },
                        "meta": {
                            "e2bfb730-ecaa-11e6-8f88-34363bc7c4c0": {
                                "create": 600000000000,
                                "delete": 1200000000000,
                                "update": 600000000000
                            },
                            "schema_version": "1"
                        },
                        "tainted": false
                    },
                    "deposed": [],
                    "provider": "provider.aws"
                },
                "aws_instance.private": {
                    "type": "aws_instance",
                    "depends_on": [
                        "aws_security_group.security_group",
                        "aws_subnet.private_subnet"
                    ],
                    "primary": {
                        "id": "i-0da38382b6969b8a2",
                        "attributes": {
                            "ami": "ami-0ac019f4fcb7cb7e6",
                            "arn": "arn:aws:ec2:us-east-1:636373398710:instance/i-0da38382b6969b8a2",
                            "associate_public_ip_address": "false",
                            "availability_zone": "us-east-1a",
                            "cpu_core_count": "1",
                            "cpu_threads_per_core": "1",
                            "credit_specification.#": "1",
                            "credit_specification.0.cpu_credits": "standard",
                            "disable_api_termination": "false",
                            "ebs_block_device.#": "0",
                            "ebs_optimized": "false",
                            "ephemeral_block_device.#": "0",
                            "get_password_data": "false",
                            "iam_instance_profile": "",
                            "id": "i-0da38382b6969b8a2",
                            "instance_state": "running",
                            "instance_type": "t2.micro",
                            "ipv6_addresses.#": "0",
                            "key_name": "rootkey",
                            "monitoring": "false",
                            "network_interface.#": "0",
                            "network_interface_id": "eni-01b2db3a5ce8916ad",
                            "password_data": "",
                            "placement_group": "",
                            "primary_network_interface_id": "eni-01b2db3a5ce8916ad",
                            "private_dns": "ip-10-0-2-251.ec2.internal",
                            "private_ip": "10.0.2.251",
                            "public_dns": "",
                            "public_ip": "",
                            "root_block_device.#": "1",
                            "root_block_device.0.delete_on_termination": "true",
                            "root_block_device.0.iops": "100",
                            "root_block_device.0.volume_id": "vol-09ed68ba695d606f7",
                            "root_block_device.0.volume_size": "8",
                            "root_block_device.0.volume_type": "gp2",
                            "security_groups.#": "0",
                            "source_dest_check": "true",
                            "subnet_id": "subnet-0736168bb880522aa",
                            "tags.%": "1",
                            "tags.Name": "private_box",
                            "tenancy": "default",
                            "volume_tags.%": "0",
                            "vpc_security_group_ids.#": "1",
                            "vpc_security_group_ids.3967437895": "sg-0bd6b46810d8b3f6e"
                        },
                        "meta": {
                            "e2bfb730-ecaa-11e6-8f88-34363bc7c4c0": {
                                "create": 600000000000,
                                "delete": 1200000000000,
                                "update": 600000000000
                            },
                            "schema_version": "1"
                        },
                        "tainted": false
                    },
                    "deposed": [],
                    "provider": "provider.aws"
                },
                "aws_instance.public": {
                    "type": "aws_instance",
                    "depends_on": [
                        "aws_security_group.security_group",
                        "aws_subnet.public_subnet"
                    ],
                    "primary": {
                        "id": "i-026c2d08d10a2a02b",
                        "attributes": {
                            "ami": "ami-0ff8a91507f77f867",
                            "arn": "arn:aws:ec2:us-east-1:636373398710:instance/i-026c2d08d10a2a02b",
                            "associate_public_ip_address": "true",
                            "availability_zone": "us-east-1a",
                            "cpu_core_count": "1",
                            "cpu_threads_per_core": "1",
                            "credit_specification.#": "1",
                            "credit_specification.0.cpu_credits": "standard",
                            "disable_api_termination": "false",
                            "ebs_block_device.#": "0",
                            "ebs_optimized": "false",
                            "ephemeral_block_device.#": "0",
                            "get_password_data": "false",
                            "iam_instance_profile": "",
                            "id": "i-026c2d08d10a2a02b",
                            "instance_state": "running",
                            "instance_type": "t2.micro",
                            "ipv6_addresses.#": "0",
                            "key_name": "rootkey",
                            "monitoring": "false",
                            "network_interface.#": "0",
                            "network_interface_id": "eni-0462acd7ed06f8de9",
                            "password_data": "",
                            "placement_group": "",
                            "primary_network_interface_id": "eni-0462acd7ed06f8de9",
                            "private_dns": "ip-10-0-1-178.ec2.internal",
                            "private_ip": "10.0.1.178",
                            "public_dns": "",
                            "public_ip": "18.212.60.226",
                            "root_block_device.#": "1",
                            "root_block_device.0.delete_on_termination": "true",
                            "root_block_device.0.iops": "100",
                            "root_block_device.0.volume_id": "vol-0ddfd80f90805bf4c",
                            "root_block_device.0.volume_size": "8",
                            "root_block_device.0.volume_type": "gp2",
                            "security_groups.#": "0",
                            "source_dest_check": "true",
                            "subnet_id": "subnet-03ed048fcf518b008",
                            "tags.%": "1",
                            "tags.Name": "public_box",
                            "tenancy": "default",
                            "user_data": "33588fd96b77f440127774604a17014375967a70",
                            "volume_tags.%": "0",
                            "vpc_security_group_ids.#": "1",
                            "vpc_security_group_ids.3967437895": "sg-0bd6b46810d8b3f6e"
                        },
                        "meta": {
                            "e2bfb730-ecaa-11e6-8f88-34363bc7c4c0": {
                                "create": 600000000000,
                                "delete": 1200000000000,
                                "update": 600000000000
                            },
                            "schema_version": "1"
                        },
                        "tainted": false
                    },
                    "deposed": [],
                    "provider": "provider.aws"
                },
                "aws_internet_gateway.vpc_gateway": {
                    "type": "aws_internet_gateway",
                    "depends_on": [
                        "aws_vpc.vpc"
                    ],
                    "primary": {
                        "id": "igw-0a40d8d891fd69c69",
                        "attributes": {
                            "id": "igw-0a40d8d891fd69c69",
                            "tags.%": "1",
                            "tags.Name": "vpc_igw",
                            "vpc_id": "vpc-044baa0bbb98851fd"
                        },
                        "meta": {},
                        "tainted": false
                    },
                    "deposed": [],
                    "provider": "provider.aws"
                },
                "aws_key_pair.rootkey": {
                    "type": "aws_key_pair",
                    "depends_on": [],
                    "primary": {
                        "id": "rootkey",
                        "attributes": {
                            "fingerprint": "1e:85:24:44:c5:cd:d7:12:2c:a6:73:e3:3a:c4:f7:db",
                            "id": "rootkey",
                            "key_name": "rootkey",
                            "public_key": "ssh-rsa AAAAB3NzaC1yc2EAAAADAQABAAABAQDHVrS18LcYowruqG0KdjUB0t2TfIa3Hj/kLHs9yklmP01Zmprr1rUW/t6cCGoK9ReYxurYlKNppSEdNL1TMkkei6r8YK11eaqhvTanwoPWMNInhHEoMhqU3YGClsJ98Qgor6HSte1ASNbSQ/mqE4NUeUZsrFn3xJB5gQkqtkfd3L++MA55lU8YBfYN+htBx5Mqag5SJ6FHKm/9VPmmKsfAbPernbeMMnIWBIwSkIqBQc6zNeILulGz554Wh5h6XPYDzNSO1lFL55q7jh5/jwfC/cwoUiuj1Na1NcZNBOn7Ij/wwF6n4loZ3MRdBgOopLPcbUiY2cKEOxVaJs/Ky9xL root@ip-172-31-4-139"
                        },
                        "meta": {
                            "schema_version": "1"
                        },
                        "tainted": false
                    },
                    "deposed": [],
                    "provider": "provider.aws"
                },
                "aws_route_table.public_route": {
                    "type": "aws_route_table",
                    "depends_on": [
                        "aws_internet_gateway.vpc_gateway",
                        "aws_vpc.vpc"
                    ],
                    "primary": {
                        "id": "rtb-0f1f783f47c870bdc",
                        "attributes": {
                            "id": "rtb-0f1f783f47c870bdc",
                            "propagating_vgws.#": "0",
                            "route.#": "1",
                            "route.2232843065.cidr_block": "0.0.0.0/0",
                            "route.2232843065.egress_only_gateway_id": "",
                            "route.2232843065.gateway_id": "igw-0a40d8d891fd69c69",
                            "route.2232843065.instance_id": "",
                            "route.2232843065.ipv6_cidr_block": "",
                            "route.2232843065.nat_gateway_id": "",
                            "route.2232843065.network_interface_id": "",
                            "route.2232843065.vpc_peering_connection_id": "",
                            "tags.%": "1",
                            "tags.Name": "public_route",
                            "vpc_id": "vpc-044baa0bbb98851fd"
                        },
                        "meta": {},
                        "tainted": false
                    },
                    "deposed": [],
                    "provider": "provider.aws"
                },
                "aws_route_table_association.routeprivate": {
                    "type": "aws_route_table_association",
                    "depends_on": [
                        "aws_default_route_table.private_subnet",
                        "aws_subnet.private_subnet"
                    ],
                    "primary": {
                        "id": "rtbassoc-09c4f13f3cfc93109",
                        "attributes": {
                            "id": "rtbassoc-09c4f13f3cfc93109",
                            "route_table_id": "rtb-06c7a93decf058401",
                            "subnet_id": "subnet-0736168bb880522aa"
                        },
                        "meta": {},
                        "tainted": false
                    },
                    "deposed": [],
                    "provider": "provider.aws"
                },
                "aws_route_table_association.routepublic": {
                    "type": "aws_route_table_association",
                    "depends_on": [
                        "aws_route_table.public_route",
                        "aws_subnet.public_subnet"
                    ],
                    "primary": {
                        "id": "rtbassoc-0df3921868d43152f",
                        "attributes": {
                            "id": "rtbassoc-0df3921868d43152f",
                            "route_table_id": "rtb-0f1f783f47c870bdc",
                            "subnet_id": "subnet-03ed048fcf518b008"
                        },
                        "meta": {},
                        "tainted": false
                    },
                    "deposed": [],
                    "provider": "provider.aws"
                },
                "aws_security_group.security_group": {
                    "type": "aws_security_group",
                    "depends_on": [
                        "aws_vpc.vpc"
                    ],
                    "primary": {
                        "id": "sg-0bd6b46810d8b3f6e",
                        "attributes": {
                            "arn": "arn:aws:ec2:us-east-1:636373398710:security-group/sg-0bd6b46810d8b3f6e",
                            "description": "allow all traffice",
                            "egress.#": "1",
                            "egress.2024659876.cidr_blocks.#": "1",
                            "egress.2024659876.cidr_blocks.0": "0.0.0.0/0",
                            "egress.2024659876.description": "",
                            "egress.2024659876.from_port": "0",
                            "egress.2024659876.ipv6_cidr_blocks.#": "0",
                            "egress.2024659876.prefix_list_ids.#": "0",
                            "egress.2024659876.protocol": "tcp",
                            "egress.2024659876.security_groups.#": "0",
                            "egress.2024659876.self": "false",
                            "egress.2024659876.to_port": "9000",
                            "id": "sg-0bd6b46810d8b3f6e",
                            "ingress.#": "1",
                            "ingress.2024659876.cidr_blocks.#": "1",
                            "ingress.2024659876.cidr_blocks.0": "0.0.0.0/0",
                            "ingress.2024659876.description": "",
                            "ingress.2024659876.from_port": "0",
                            "ingress.2024659876.ipv6_cidr_blocks.#": "0",
                            "ingress.2024659876.prefix_list_ids.#": "0",
                            "ingress.2024659876.protocol": "tcp",
                            "ingress.2024659876.security_groups.#": "0",
                            "ingress.2024659876.self": "false",
                            "ingress.2024659876.to_port": "9000",
                            "name": "common security group for all instances",
                            "owner_id": "636373398710",
                            "revoke_rules_on_delete": "false",
                            "tags.%": "1",
                            "tags.Name": "common_security_group",
                            "vpc_id": "vpc-044baa0bbb98851fd"
                        },
                        "meta": {
                            "e2bfb730-ecaa-11e6-8f88-34363bc7c4c0": {
                                "create": 600000000000,
                                "delete": 600000000000
                            },
                            "schema_version": "1"
                        },
                        "tainted": false
                    },
                    "deposed": [],
                    "provider": "provider.aws"
                },
                "aws_subnet.private_subnet": {
                    "type": "aws_subnet",
                    "depends_on": [
                        "aws_vpc.vpc"
                    ],
                    "primary": {
                        "id": "subnet-0736168bb880522aa",
                        "attributes": {
                            "arn": "arn:aws:ec2:us-east-1:636373398710:subnet/subnet-0736168bb880522aa",
                            "assign_ipv6_address_on_creation": "false",
                            "availability_zone": "us-east-1a",
                            "cidr_block": "10.0.2.0/24",
                            "id": "subnet-0736168bb880522aa",
                            "map_public_ip_on_launch": "false",
                            "tags.%": "1",
                            "tags.Name": "private_subnet ",
                            "vpc_id": "vpc-044baa0bbb98851fd"
                        },
                        "meta": {
                            "e2bfb730-ecaa-11e6-8f88-34363bc7c4c0": {
                                "create": 600000000000,
                                "delete": 600000000000
                            },
                            "schema_version": "1"
                        },
                        "tainted": false
                    },
                    "deposed": [],
                    "provider": "provider.aws"
                },
                "aws_subnet.public_subnet": {
                    "type": "aws_subnet",
                    "depends_on": [
                        "aws_vpc.vpc"
                    ],
                    "primary": {
                        "id": "subnet-03ed048fcf518b008",
                        "attributes": {
                            "arn": "arn:aws:ec2:us-east-1:636373398710:subnet/subnet-03ed048fcf518b008",
                            "assign_ipv6_address_on_creation": "false",
                            "availability_zone": "us-east-1a",
                            "cidr_block": "10.0.1.0/24",
                            "id": "subnet-03ed048fcf518b008",
                            "map_public_ip_on_launch": "true",
                            "tags.%": "1",
                            "tags.Name": "public_subnet",
                            "vpc_id": "vpc-044baa0bbb98851fd"
                        },
                        "meta": {
                            "e2bfb730-ecaa-11e6-8f88-34363bc7c4c0": {
                                "create": 600000000000,
                                "delete": 600000000000
                            },
                            "schema_version": "1"
                        },
                        "tainted": false
                    },
                    "deposed": [],
                    "provider": "provider.aws"
                },
                "aws_vpc.vpc": {
                    "type": "aws_vpc",
                    "depends_on": [],
                    "primary": {
                        "id": "vpc-044baa0bbb98851fd",
                        "attributes": {
                            "arn": "arn:aws:ec2:us-east-1:636373398710:vpc/vpc-044baa0bbb98851fd",
                            "assign_generated_ipv6_cidr_block": "false",
                            "cidr_block": "10.0.0.0/20",
                            "default_network_acl_id": "acl-0e3ff1d1c941fd391",
                            "default_route_table_id": "rtb-06c7a93decf058401",
                            "default_security_group_id": "sg-0724c06ff45b5de7c",
                            "dhcp_options_id": "dopt-1127676a",
                            "enable_classiclink": "false",
                            "enable_classiclink_dns_support": "false",
                            "enable_dns_hostnames": "false",
                            "enable_dns_support": "true",
                            "id": "vpc-044baa0bbb98851fd",
                            "instance_tenancy": "default",
                            "main_route_table_id": "rtb-06c7a93decf058401",
                            "tags.%": "1",
                            "tags.Name": "us_east1_vpc"
                        },
                        "meta": {
                            "schema_version": "1"
                        },
                        "tainted": false
                    },
                    "deposed": [],
                    "provider": "provider.aws"
                }
            },
            "depends_on": []
        }
    ]
}
